
Microsoft Visual Studio Solution File, Format Version 12.00
# Visual Studio Version 17
VisualStudioVersion = 17.1.32319.34
MinimumVisualStudioVersion = 10.0.40219.1
Project("{E24C65DC-7377-472B-9ABA-BC803B73C61A}") = "LeadMIS", ".", "{48FF08EE-E511-436E-830A-35A5FB86DB63}"
	ProjectSection(WebsiteProperties) = preProject
		TargetFrameworkMoniker = ".NETFramework,Version%3Dv4.6"
		Debug.AspNetCompiler.VirtualPath = "/localhost_30605"
		Debug.AspNetCompiler.PhysicalPath = "..\LeadMIS_Server\"
		Debug.AspNetCompiler.TargetPath = "PrecompiledWeb\localhost_30605\"
		Debug.AspNetCompiler.Updateable = "true"
		Debug.AspNetCompiler.ForceOverwrite = "true"
		Debug.AspNetCompiler.FixedNames = "false"
		Debug.AspNetCompiler.Debug = "True"
		Release.AspNetCompiler.VirtualPath = "/localhost_30605"
		Release.AspNetCompiler.PhysicalPath = "..\LeadMIS_Server\"
		Release.AspNetCompiler.TargetPath = "PrecompiledWeb\localhost_30605\"
		Release.AspNetCompiler.Updateable = "true"
		Release.AspNetCompiler.ForceOverwrite = "true"
		Release.AspNetCompiler.FixedNames = "false"
		Release.AspNetCompiler.Debug = "False"
		VWDPort = "30605"
		SlnRelativePath = "..\LeadMIS_Server\"
	EndProjectSection
EndProject
Global
	GlobalSection(SolutionConfigurationPlatforms) = preSolution
		Debug|Any CPU = Debug|Any CPU
	EndGlobalSection
	GlobalSection(ProjectConfigurationPlatforms) = postSolution
		{48FF08EE-E511-436E-830A-35A5FB86DB63}.Debug|Any CPU.ActiveCfg = Debug|Any CPU
		{48FF08EE-E511-436E-830A-35A5FB86DB63}.Debug|Any CPU.Build.0 = Debug|Any CPU
	EndGlobalSection
	GlobalSection(SolutionProperties) = preSolution
		HideSolutionNode = FALSE
	EndGlobalSection
	GlobalSection(ExtensibilityGlobals) = postSolution
		SolutionGuid = {273DC92A-C35B-4C1E-8727-4B493292B0F9}
	EndGlobalSection
EndGlobal
